
Microsoft Visual Studio Solution File, Format Version 12.00
# Visual Studio Version 17
VisualStudioVersion = 17.11.35327.3
MinimumVisualStudioVersion = 10.0.40219.1
Project("{FAE04EC0-301F-11D3-BF4B-00C04F79EFBC}") = "Assignment_4", "Assignment_4\Assignment_4.csproj", "{1BC0F34E-2355-46E3-BA0D-9DEE1DD5513F}"
EndProject
Global
	GlobalSection(SolutionConfigurationPlatforms) = preSolution
		Debug|Any CPU = Debug|Any CPU
		Release|Any CPU = Release|Any CPU
	EndGlobalSection
	GlobalSection(ProjectConfigurationPlatforms) = postSolution
		{1BC0F34E-2355-46E3-BA0D-9DEE1DD5513F}.Debug|Any CPU.ActiveCfg = Debug|Any CPU
		{1BC0F34E-2355-46E3-BA0D-9DEE1DD5513F}.Debug|Any CPU.Build.0 = Debug|Any CPU
		{1BC0F34E-2355-46E3-BA0D-9DEE1DD5513F}.Release|Any CPU.ActiveCfg = Release|Any CPU
		{1BC0F34E-2355-46E3-BA0D-9DEE1DD5513F}.Release|Any CPU.Build.0 = Release|Any CPU
	EndGlobalSection
	GlobalSection(SolutionProperties) = preSolution
		HideSolutionNode = FALSE
	EndGlobalSection
	GlobalSection(ExtensibilityGlobals) = postSolution
		SolutionGuid = {DC37CA22-01A5-42C5-98E6-D81101F67477}
	EndGlobalSection
EndGlobal
